
Microsoft Visual Studio Solution File, Format Version 12.00
# Visual Studio Version 17
VisualStudioVersion = 17.0.31903.59
MinimumVisualStudioVersion = 10.0.40219.1
Project("{2150E333-8FDC-42A3-9474-1A3956D46DE8}") = "src", "src", "{827E0CD3-B72D-47B6-A68D-7590B98EB39B}"
EndProject
Project("{2150E333-8FDC-42A3-9474-1A3956D46DE8}") = "BuildingBlocks", "BuildingBlocks", "{90298CBA-BD6F-3A0A-69D5-97CAD7B05E7E}"
EndProject
Project("{FAE04EC0-301F-11D3-BF4B-00C04F79EFBC}") = "Cinema.Foundation", "src\BuildingBlocks\Cinema.Foundation\Cinema.Foundation.csproj", "{CB39A8D8-4E56-489D-82A3-EBF5C0DC0205}"
EndProject
Project("{2150E333-8FDC-42A3-9474-1A3956D46DE8}") = "Services", "Services", "{984BB9B3-3FA3-BE33-9484-CAC21695A33C}"
EndProject
Project("{FAE04EC0-301F-11D3-BF4B-00C04F79EFBC}") = "Catalog.Api", "src\Services\Catalog.Api\Catalog.Api.csproj", "{EA19A71E-267C-4F2B-ADAE-0DD4EC3E8153}"
EndProject
Project("{FAE04EC0-301F-11D3-BF4B-00C04F79EFBC}") = "Reservation.Api", "src\Services\Reservation.Api\Reservation.Api.csproj", "{3F1751A7-7850-4395-AF97-F4C671A78842}"
EndProject
Project("{FAE04EC0-301F-11D3-BF4B-00C04F79EFBC}") = "Pos.Api", "src\Services\Pos.Api\Pos.Api.csproj", "{B01DB779-BDC5-4729-9A39-1EE5107E7B52}"
EndProject
Project("{FAE04EC0-301F-11D3-BF4B-00C04F79EFBC}") = "Ticket.Api", "src\Services\Ticket.Api\Ticket.Api.csproj", "{F652F1C1-8273-45D7-8972-FB89E2856914}"
EndProject
Project("{FAE04EC0-301F-11D3-BF4B-00C04F79EFBC}") = "Identity.Api", "src\Services\Identity.Api\Identity.Api.csproj", "{EF347EE7-88D6-416B-AE46-69ED9A453985}"
EndProject
Project("{2150E333-8FDC-42A3-9474-1A3956D46DE8}") = "tests", "tests", "{0AB3BF05-4346-4AA6-1389-037BE0695223}"
EndProject
Project("{FAE04EC0-301F-11D3-BF4B-00C04F79EFBC}") = "Cinema.UnitTests", "tests\Cinema.UnitTests\Cinema.UnitTests.csproj", "{25A4325A-0341-4A40-80DE-3AE664FCFA5F}"
EndProject
Project("{FAE04EC0-301F-11D3-BF4B-00C04F79EFBC}") = "Cinema.IntegrationTests", "tests\Cinema.IntegrationTests\Cinema.IntegrationTests.csproj", "{2E35DB1B-D3DC-4E36-91AF-1B79701D9BA1}"
EndProject
Project("{FAE04EC0-301F-11D3-BF4B-00C04F79EFBC}") = "Gateway.Api", "src\Services\Gateway.Api\Gateway.Api.csproj", "{D5C1A17D-39C6-4F77-8098-CD51DAFD9FCC}"
EndProject
Project("{FAE04EC0-301F-11D3-BF4B-00C04F79EFBC}") = "Loyalty.Api", "src\Services\Loyalty.Api\Loyalty.Api.csproj", "{013D5AB7-919D-43B9-A762-B4D6380C6DD5}"
EndProject
Project("{FAE04EC0-301F-11D3-BF4B-00C04F79EFBC}") = "Cinema.DbMigrator", "src\Cinema.DbMigrator\Cinema.DbMigrator.csproj", "{3F1D3E23-0A01-4DCB-8103-A1890AA8A27C}"
EndProject
Global
	GlobalSection(SolutionConfigurationPlatforms) = preSolution
		Debug|Any CPU = Debug|Any CPU
		Debug|x64 = Debug|x64
		Debug|x86 = Debug|x86
		Release|Any CPU = Release|Any CPU
		Release|x64 = Release|x64
		Release|x86 = Release|x86
	EndGlobalSection
	GlobalSection(ProjectConfigurationPlatforms) = postSolution
		{CB39A8D8-4E56-489D-82A3-EBF5C0DC0205}.Debug|Any CPU.ActiveCfg = Debug|Any CPU
		{CB39A8D8-4E56-489D-82A3-EBF5C0DC0205}.Debug|Any CPU.Build.0 = Debug|Any CPU
		{CB39A8D8-4E56-489D-82A3-EBF5C0DC0205}.Debug|x64.ActiveCfg = Debug|Any CPU
		{CB39A8D8-4E56-489D-82A3-EBF5C0DC0205}.Debug|x64.Build.0 = Debug|Any CPU
		{CB39A8D8-4E56-489D-82A3-EBF5C0DC0205}.Debug|x86.ActiveCfg = Debug|Any CPU
		{CB39A8D8-4E56-489D-82A3-EBF5C0DC0205}.Debug|x86.Build.0 = Debug|Any CPU
		{CB39A8D8-4E56-489D-82A3-EBF5C0DC0205}.Release|Any CPU.ActiveCfg = Release|Any CPU
		{CB39A8D8-4E56-489D-82A3-EBF5C0DC0205}.Release|Any CPU.Build.0 = Release|Any CPU
		{CB39A8D8-4E56-489D-82A3-EBF5C0DC0205}.Release|x64.ActiveCfg = Release|Any CPU
		{CB39A8D8-4E56-489D-82A3-EBF5C0DC0205}.Release|x64.Build.0 = Release|Any CPU
		{CB39A8D8-4E56-489D-82A3-EBF5C0DC0205}.Release|x86.ActiveCfg = Release|Any CPU
		{CB39A8D8-4E56-489D-82A3-EBF5C0DC0205}.Release|x86.Build.0 = Release|Any CPU
		{EA19A71E-267C-4F2B-ADAE-0DD4EC3E8153}.Debug|Any CPU.ActiveCfg = Debug|Any CPU
		{EA19A71E-267C-4F2B-ADAE-0DD4EC3E8153}.Debug|Any CPU.Build.0 = Debug|Any CPU
		{EA19A71E-267C-4F2B-ADAE-0DD4EC3E8153}.Debug|x64.ActiveCfg = Debug|Any CPU
		{EA19A71E-267C-4F2B-ADAE-0DD4EC3E8153}.Debug|x64.Build.0 = Debug|Any CPU
		{EA19A71E-267C-4F2B-ADAE-0DD4EC3E8153}.Debug|x86.ActiveCfg = Debug|Any CPU
		{EA19A71E-267C-4F2B-ADAE-0DD4EC3E8153}.Debug|x86.Build.0 = Debug|Any CPU
		{EA19A71E-267C-4F2B-ADAE-0DD4EC3E8153}.Release|Any CPU.ActiveCfg = Release|Any CPU
		{EA19A71E-267C-4F2B-ADAE-0DD4EC3E8153}.Release|Any CPU.Build.0 = Release|Any CPU
		{EA19A71E-267C-4F2B-ADAE-0DD4EC3E8153}.Release|x64.ActiveCfg = Release|Any CPU
		{EA19A71E-267C-4F2B-ADAE-0DD4EC3E8153}.Release|x64.Build.0 = Release|Any CPU
		{EA19A71E-267C-4F2B-ADAE-0DD4EC3E8153}.Release|x86.ActiveCfg = Release|Any CPU
		{EA19A71E-267C-4F2B-ADAE-0DD4EC3E8153}.Release|x86.Build.0 = Release|Any CPU
		{3F1751A7-7850-4395-AF97-F4C671A78842}.Debug|Any CPU.ActiveCfg = Debug|Any CPU
		{3F1751A7-7850-4395-AF97-F4C671A78842}.Debug|Any CPU.Build.0 = Debug|Any CPU
		{3F1751A7-7850-4395-AF97-F4C671A78842}.Debug|x64.ActiveCfg = Debug|Any CPU
		{3F1751A7-7850-4395-AF97-F4C671A78842}.Debug|x64.Build.0 = Debug|Any CPU
		{3F1751A7-7850-4395-AF97-F4C671A78842}.Debug|x86.ActiveCfg = Debug|Any CPU
		{3F1751A7-7850-4395-AF97-F4C671A78842}.Debug|x86.Build.0 = Debug|Any CPU
		{3F1751A7-7850-4395-AF97-F4C671A78842}.Release|Any CPU.ActiveCfg = Release|Any CPU
		{3F1751A7-7850-4395-AF97-F4C671A78842}.Release|Any CPU.Build.0 = Release|Any CPU
		{3F1751A7-7850-4395-AF97-F4C671A78842}.Release|x64.ActiveCfg = Release|Any CPU
		{3F1751A7-7850-4395-AF97-F4C671A78842}.Release|x64.Build.0 = Release|Any CPU
		{3F1751A7-7850-4395-AF97-F4C671A78842}.Release|x86.ActiveCfg = Release|Any CPU
		{3F1751A7-7850-4395-AF97-F4C671A78842}.Release|x86.Build.0 = Release|Any CPU
		{B01DB779-BDC5-4729-9A39-1EE5107E7B52}.Debug|Any CPU.ActiveCfg = Debug|Any CPU
		{B01DB779-BDC5-4729-9A39-1EE5107E7B52}.Debug|Any CPU.Build.0 = Debug|Any CPU
		{B01DB779-BDC5-4729-9A39-1EE5107E7B52}.Debug|x64.ActiveCfg = Debug|Any CPU
		{B01DB779-BDC5-4729-9A39-1EE5107E7B52}.Debug|x64.Build.0 = Debug|Any CPU
		{B01DB779-BDC5-4729-9A39-1EE5107E7B52}.Debug|x86.ActiveCfg = Debug|Any CPU
		{B01DB779-BDC5-4729-9A39-1EE5107E7B52}.Debug|x86.Build.0 = Debug|Any CPU
		{B01DB779-BDC5-4729-9A39-1EE5107E7B52}.Release|Any CPU.ActiveCfg = Release|Any CPU
		{B01DB779-BDC5-4729-9A39-1EE5107E7B52}.Release|Any CPU.Build.0 = Release|Any CPU
		{B01DB779-BDC5-4729-9A39-1EE5107E7B52}.Release|x64.ActiveCfg = Release|Any CPU
		{B01DB779-BDC5-4729-9A39-1EE5107E7B52}.Release|x64.Build.0 = Release|Any CPU
		{B01DB779-BDC5-4729-9A39-1EE5107E7B52}.Release|x86.ActiveCfg = Release|Any CPU
		{B01DB779-BDC5-4729-9A39-1EE5107E7B52}.Release|x86.Build.0 = Release|Any CPU
		{F652F1C1-8273-45D7-8972-FB89E2856914}.Debug|Any CPU.ActiveCfg = Debug|Any CPU
		{F652F1C1-8273-45D7-8972-FB89E2856914}.Debug|Any CPU.Build.0 = Debug|Any CPU
		{F652F1C1-8273-45D7-8972-FB89E2856914}.Debug|x64.ActiveCfg = Debug|Any CPU
		{F652F1C1-8273-45D7-8972-FB89E2856914}.Debug|x64.Build.0 = Debug|Any CPU
		{F652F1C1-8273-45D7-8972-FB89E2856914}.Debug|x86.ActiveCfg = Debug|Any CPU
		{F652F1C1-8273-45D7-8972-FB89E2856914}.Debug|x86.Build.0 = Debug|Any CPU
		{F652F1C1-8273-45D7-8972-FB89E2856914}.Release|Any CPU.ActiveCfg = Release|Any CPU
		{F652F1C1-8273-45D7-8972-FB89E2856914}.Release|Any CPU.Build.0 = Release|Any CPU
		{F652F1C1-8273-45D7-8972-FB89E2856914}.Release|x64.ActiveCfg = Release|Any CPU
		{F652F1C1-8273-45D7-8972-FB89E2856914}.Release|x64.Build.0 = Release|Any CPU
		{F652F1C1-8273-45D7-8972-FB89E2856914}.Release|x86.ActiveCfg = Release|Any CPU
		{F652F1C1-8273-45D7-8972-FB89E2856914}.Release|x86.Build.0 = Release|Any CPU
		{EF347EE7-88D6-416B-AE46-69ED9A453985}.Debug|Any CPU.ActiveCfg = Debug|Any CPU
		{EF347EE7-88D6-416B-AE46-69ED9A453985}.Debug|Any CPU.Build.0 = Debug|Any CPU
		{EF347EE7-88D6-416B-AE46-69ED9A453985}.Debug|x64.ActiveCfg = Debug|Any CPU
		{EF347EE7-88D6-416B-AE46-69ED9A453985}.Debug|x64.Build.0 = Debug|Any CPU
		{EF347EE7-88D6-416B-AE46-69ED9A453985}.Debug|x86.ActiveCfg = Debug|Any CPU
		{EF347EE7-88D6-416B-AE46-69ED9A453985}.Debug|x86.Build.0 = Debug|Any CPU
		{EF347EE7-88D6-416B-AE46-69ED9A453985}.Release|Any CPU.ActiveCfg = Release|Any CPU
		{EF347EE7-88D6-416B-AE46-69ED9A453985}.Release|Any CPU.Build.0 = Release|Any CPU
		{EF347EE7-88D6-416B-AE46-69ED9A453985}.Release|x64.ActiveCfg = Release|Any CPU
		{EF347EE7-88D6-416B-AE46-69ED9A453985}.Release|x64.Build.0 = Release|Any CPU
		{EF347EE7-88D6-416B-AE46-69ED9A453985}.Release|x86.ActiveCfg = Release|Any CPU
		{EF347EE7-88D6-416B-AE46-69ED9A453985}.Release|x86.Build.0 = Release|Any CPU
		{25A4325A-0341-4A40-80DE-3AE664FCFA5F}.Debug|Any CPU.ActiveCfg = Debug|Any CPU
		{25A4325A-0341-4A40-80DE-3AE664FCFA5F}.Debug|Any CPU.Build.0 = Debug|Any CPU
		{25A4325A-0341-4A40-80DE-3AE664FCFA5F}.Debug|x64.ActiveCfg = Debug|Any CPU
		{25A4325A-0341-4A40-80DE-3AE664FCFA5F}.Debug|x64.Build.0 = Debug|Any CPU
		{25A4325A-0341-4A40-80DE-3AE664FCFA5F}.Debug|x86.ActiveCfg = Debug|Any CPU
		{25A4325A-0341-4A40-80DE-3AE664FCFA5F}.Debug|x86.Build.0 = Debug|Any CPU
		{25A4325A-0341-4A40-80DE-3AE664FCFA5F}.Release|Any CPU.ActiveCfg = Release|Any CPU
		{25A4325A-0341-4A40-80DE-3AE664FCFA5F}.Release|Any CPU.Build.0 = Release|Any CPU
		{25A4325A-0341-4A40-80DE-3AE664FCFA5F}.Release|x64.ActiveCfg = Release|Any CPU
		{25A4325A-0341-4A40-80DE-3AE664FCFA5F}.Release|x64.Build.0 = Release|Any CPU
		{25A4325A-0341-4A40-80DE-3AE664FCFA5F}.Release|x86.ActiveCfg = Release|Any CPU
		{25A4325A-0341-4A40-80DE-3AE664FCFA5F}.Release|x86.Build.0 = Release|Any CPU
		{2E35DB1B-D3DC-4E36-91AF-1B79701D9BA1}.Debug|Any CPU.ActiveCfg = Debug|Any CPU
		{2E35DB1B-D3DC-4E36-91AF-1B79701D9BA1}.Debug|Any CPU.Build.0 = Debug|Any CPU
		{2E35DB1B-D3DC-4E36-91AF-1B79701D9BA1}.Debug|x64.ActiveCfg = Debug|Any CPU
		{2E35DB1B-D3DC-4E36-91AF-1B79701D9BA1}.Debug|x64.Build.0 = Debug|Any CPU
		{2E35DB1B-D3DC-4E36-91AF-1B79701D9BA1}.Debug|x86.ActiveCfg = Debug|Any CPU
		{2E35DB1B-D3DC-4E36-91AF-1B79701D9BA1}.Debug|x86.Build.0 = Debug|Any CPU
		{2E35DB1B-D3DC-4E36-91AF-1B79701D9BA1}.Release|Any CPU.ActiveCfg = Release|Any CPU
		{2E35DB1B-D3DC-4E36-91AF-1B79701D9BA1}.Release|Any CPU.Build.0 = Release|Any CPU
		{2E35DB1B-D3DC-4E36-91AF-1B79701D9BA1}.Release|x64.ActiveCfg = Release|Any CPU
		{2E35DB1B-D3DC-4E36-91AF-1B79701D9BA1}.Release|x64.Build.0 = Release|Any CPU
		{2E35DB1B-D3DC-4E36-91AF-1B79701D9BA1}.Release|x86.ActiveCfg = Release|Any CPU
		{2E35DB1B-D3DC-4E36-91AF-1B79701D9BA1}.Release|x86.Build.0 = Release|Any CPU
		{D5C1A17D-39C6-4F77-8098-CD51DAFD9FCC}.Debug|Any CPU.ActiveCfg = Debug|Any CPU
		{D5C1A17D-39C6-4F77-8098-CD51DAFD9FCC}.Debug|Any CPU.Build.0 = Debug|Any CPU
		{D5C1A17D-39C6-4F77-8098-CD51DAFD9FCC}.Debug|x64.ActiveCfg = Debug|Any CPU
		{D5C1A17D-39C6-4F77-8098-CD51DAFD9FCC}.Debug|x64.Build.0 = Debug|Any CPU
		{D5C1A17D-39C6-4F77-8098-CD51DAFD9FCC}.Debug|x86.ActiveCfg = Debug|Any CPU
		{D5C1A17D-39C6-4F77-8098-CD51DAFD9FCC}.Debug|x86.Build.0 = Debug|Any CPU
		{D5C1A17D-39C6-4F77-8098-CD51DAFD9FCC}.Release|Any CPU.ActiveCfg = Release|Any CPU
		{D5C1A17D-39C6-4F77-8098-CD51DAFD9FCC}.Release|Any CPU.Build.0 = Release|Any CPU
		{D5C1A17D-39C6-4F77-8098-CD51DAFD9FCC}.Release|x64.ActiveCfg = Release|Any CPU
		{D5C1A17D-39C6-4F77-8098-CD51DAFD9FCC}.Release|x64.Build.0 = Release|Any CPU
		{D5C1A17D-39C6-4F77-8098-CD51DAFD9FCC}.Release|x86.ActiveCfg = Release|Any CPU
		{D5C1A17D-39C6-4F77-8098-CD51DAFD9FCC}.Release|x86.Build.0 = Release|Any CPU
		{013D5AB7-919D-43B9-A762-B4D6380C6DD5}.Debug|Any CPU.ActiveCfg = Debug|Any CPU
		{013D5AB7-919D-43B9-A762-B4D6380C6DD5}.Debug|Any CPU.Build.0 = Debug|Any CPU
		{013D5AB7-919D-43B9-A762-B4D6380C6DD5}.Debug|x64.ActiveCfg = Debug|Any CPU
		{013D5AB7-919D-43B9-A762-B4D6380C6DD5}.Debug|x64.Build.0 = Debug|Any CPU
		{013D5AB7-919D-43B9-A762-B4D6380C6DD5}.Debug|x86.ActiveCfg = Debug|Any CPU
		{013D5AB7-919D-43B9-A762-B4D6380C6DD5}.Debug|x86.Build.0 = Debug|Any CPU
		{013D5AB7-919D-43B9-A762-B4D6380C6DD5}.Release|Any CPU.ActiveCfg = Release|Any CPU
		{013D5AB7-919D-43B9-A762-B4D6380C6DD5}.Release|Any CPU.Build.0 = Release|Any CPU
		{013D5AB7-919D-43B9-A762-B4D6380C6DD5}.Release|x64.ActiveCfg = Release|Any CPU
		{013D5AB7-919D-43B9-A762-B4D6380C6DD5}.Release|x64.Build.0 = Release|Any CPU
		{013D5AB7-919D-43B9-A762-B4D6380C6DD5}.Release|x86.ActiveCfg = Release|Any CPU
		{013D5AB7-919D-43B9-A762-B4D6380C6DD5}.Release|x86.Build.0 = Release|Any CPU
		{3F1D3E23-0A01-4DCB-8103-A1890AA8A27C}.Debug|Any CPU.ActiveCfg = Debug|Any CPU
		{3F1D3E23-0A01-4DCB-8103-A1890AA8A27C}.Debug|Any CPU.Build.0 = Debug|Any CPU
		{3F1D3E23-0A01-4DCB-8103-A1890AA8A27C}.Debug|x64.ActiveCfg = Debug|Any CPU
		{3F1D3E23-0A01-4DCB-8103-A1890AA8A27C}.Debug|x64.Build.0 = Debug|Any CPU
		{3F1D3E23-0A01-4DCB-8103-A1890AA8A27C}.Debug|x86.ActiveCfg = Debug|Any CPU
		{3F1D3E23-0A01-4DCB-8103-A1890AA8A27C}.Debug|x86.Build.0 = Debug|Any CPU
		{3F1D3E23-0A01-4DCB-8103-A1890AA8A27C}.Release|Any CPU.ActiveCfg = Release|Any CPU
		{3F1D3E23-0A01-4DCB-8103-A1890AA8A27C}.Release|Any CPU.Build.0 = Release|Any CPU
		{3F1D3E23-0A01-4DCB-8103-A1890AA8A27C}.Release|x64.ActiveCfg = Release|Any CPU
		{3F1D3E23-0A01-4DCB-8103-A1890AA8A27C}.Release|x64.Build.0 = Release|Any CPU
		{3F1D3E23-0A01-4DCB-8103-A1890AA8A27C}.Release|x86.ActiveCfg = Release|Any CPU
		{3F1D3E23-0A01-4DCB-8103-A1890AA8A27C}.Release|x86.Build.0 = Release|Any CPU
	EndGlobalSection
	GlobalSection(SolutionProperties) = preSolution
		HideSolutionNode = FALSE
	EndGlobalSection
	GlobalSection(NestedProjects) = preSolution
		{90298CBA-BD6F-3A0A-69D5-97CAD7B05E7E} = {827E0CD3-B72D-47B6-A68D-7590B98EB39B}
		{CB39A8D8-4E56-489D-82A3-EBF5C0DC0205} = {90298CBA-BD6F-3A0A-69D5-97CAD7B05E7E}
		{984BB9B3-3FA3-BE33-9484-CAC21695A33C} = {827E0CD3-B72D-47B6-A68D-7590B98EB39B}
		{EA19A71E-267C-4F2B-ADAE-0DD4EC3E8153} = {984BB9B3-3FA3-BE33-9484-CAC21695A33C}
		{3F1751A7-7850-4395-AF97-F4C671A78842} = {984BB9B3-3FA3-BE33-9484-CAC21695A33C}
		{B01DB779-BDC5-4729-9A39-1EE5107E7B52} = {984BB9B3-3FA3-BE33-9484-CAC21695A33C}
		{F652F1C1-8273-45D7-8972-FB89E2856914} = {984BB9B3-3FA3-BE33-9484-CAC21695A33C}
		{EF347EE7-88D6-416B-AE46-69ED9A453985} = {984BB9B3-3FA3-BE33-9484-CAC21695A33C}
		{25A4325A-0341-4A40-80DE-3AE664FCFA5F} = {0AB3BF05-4346-4AA6-1389-037BE0695223}
		{2E35DB1B-D3DC-4E36-91AF-1B79701D9BA1} = {0AB3BF05-4346-4AA6-1389-037BE0695223}
		{D5C1A17D-39C6-4F77-8098-CD51DAFD9FCC} = {984BB9B3-3FA3-BE33-9484-CAC21695A33C}
		{013D5AB7-919D-43B9-A762-B4D6380C6DD5} = {984BB9B3-3FA3-BE33-9484-CAC21695A33C}
		{3F1D3E23-0A01-4DCB-8103-A1890AA8A27C} = {827E0CD3-B72D-47B6-A68D-7590B98EB39B}
	EndGlobalSection
EndGlobal
